// !$*UTF8*$!
{
	archiveVersion = 1;
	classes = {
	};
	objectVersion = 50;
	objects = {

/* Begin PBXBuildFile section */
		88ACC17322F95CE300920A66 /* EditVC.swift in Sources */ = {isa = PBXBuildFile; fileRef = 88ACC17222F95CE300920A66 /* EditVC.swift */; };
		88BDB64722F40B5400DC5A2D /* AppDelegate.swift in Sources */ = {isa = PBXBuildFile; fileRef = 88BDB64622F40B5400DC5A2D /* AppDelegate.swift */; };
		88BDB64922F40B5400DC5A2D /* ViewController.swift in Sources */ = {isa = PBXBuildFile; fileRef = 88BDB64822F40B5400DC5A2D /* ViewController.swift */; };
		88BDB64C22F40B5500DC5A2D /* Main.storyboard in Resources */ = {isa = PBXBuildFile; fileRef = 88BDB64A22F40B5500DC5A2D /* Main.storyboard */; };
		88BDB64E22F40B5F00DC5A2D /* Assets.xcassets in Resources */ = {isa = PBXBuildFile; fileRef = 88BDB64D22F40B5F00DC5A2D /* Assets.xcassets */; };
		88BDB65122F40B5F00DC5A2D /* LaunchScreen.storyboard in Resources */ = {isa = PBXBuildFile; fileRef = 88BDB64F22F40B5F00DC5A2D /* LaunchScreen.storyboard */; };
		88BDB65C22F40BB000DC5A2D /* HomeVC.swift in Sources */ = {isa = PBXBuildFile; fileRef = 88BDB65B22F40BB000DC5A2D /* HomeVC.swift */; };
		88BDB65F22F4178A00DC5A2D /* Extensions.swift in Sources */ = {isa = PBXBuildFile; fileRef = 88BDB65E22F4178A00DC5A2D /* Extensions.swift */; };
		88BDB66222F42BB800DC5A2D /* MagnifyVC.swift in Sources */ = {isa = PBXBuildFile; fileRef = 88BDB66122F42BB800DC5A2D /* MagnifyVC.swift */; };
		B4DAA708E1960921ABDABDDB /* Pods_cimage.framework in Frameworks */ = {isa = PBXBuildFile; fileRef = 694A3B7A30635F147B52B38A /* Pods_cimage.framework */; };
/* End PBXBuildFile section */

/* Begin PBXFileReference section */
		694A3B7A30635F147B52B38A /* Pods_cimage.framework */ = {isa = PBXFileReference; explicitFileType = wrapper.framework; includeInIndex = 0; path = Pods_cimage.framework; sourceTree = BUILT_PRODUCTS_DIR; };
		6B2AEDE3E0CED6E057BCE260 /* Pods-cimage.release.xcconfig */ = {isa = PBXFileReference; includeInIndex = 1; lastKnownFileType = text.xcconfig; name = "Pods-cimage.release.xcconfig"; path = "Pods/Target Support Files/Pods-cimage/Pods-cimage.release.xcconfig"; sourceTree = "<group>"; };
		88ACC17222F95CE300920A66 /* EditVC.swift */ = {isa = PBXFileReference; lastKnownFileType = sourcecode.swift; path = EditVC.swift; sourceTree = "<group>"; };
		88BDB64322F40B5400DC5A2D /* cimage.app */ = {isa = PBXFileReference; explicitFileType = wrapper.application; includeInIndex = 0; path = cimage.app; sourceTree = BUILT_PRODUCTS_DIR; };
		88BDB64622F40B5400DC5A2D /* AppDelegate.swift */ = {isa = PBXFileReference; lastKnownFileType = sourcecode.swift; path = AppDelegate.swift; sourceTree = "<group>"; };
		88BDB64822F40B5400DC5A2D /* ViewController.swift */ = {isa = PBXFileReference; lastKnownFileType = sourcecode.swift; path = ViewController.swift; sourceTree = "<group>"; };
		88BDB64B22F40B5500DC5A2D /* Base */ = {isa = PBXFileReference; lastKnownFileType = file.storyboard; name = Base; path = Base.lproj/Main.storyboard; sourceTree = "<group>"; };
		88BDB64D22F40B5F00DC5A2D /* Assets.xcassets */ = {isa = PBXFileReference; lastKnownFileType = folder.assetcatalog; path = Assets.xcassets; sourceTree = "<group>"; };
		88BDB65022F40B5F00DC5A2D /* Base */ = {isa = PBXFileReference; lastKnownFileType = file.storyboard; name = Base; path = Base.lproj/LaunchScreen.storyboard; sourceTree = "<group>"; };
		88BDB65222F40B5F00DC5A2D /* Info.plist */ = {isa = PBXFileReference; lastKnownFileType = text.plist.xml; path = Info.plist; sourceTree = "<group>"; };
		88BDB65B22F40BB000DC5A2D /* HomeVC.swift */ = {isa = PBXFileReference; lastKnownFileType = sourcecode.swift; path = HomeVC.swift; sourceTree = "<group>"; };
		88BDB65E22F4178A00DC5A2D /* Extensions.swift */ = {isa = PBXFileReference; lastKnownFileType = sourcecode.swift; path = Extensions.swift; sourceTree = "<group>"; };
		88BDB66122F42BB800DC5A2D /* MagnifyVC.swift */ = {isa = PBXFileReference; lastKnownFileType = sourcecode.swift; path = MagnifyVC.swift; sourceTree = "<group>"; };
		D3DCFED611C1EAEC7C21BC84 /* Pods-cimage.debug.xcconfig */ = {isa = PBXFileReference; includeInIndex = 1; lastKnownFileType = text.xcconfig; name = "Pods-cimage.debug.xcconfig"; path = "Pods/Target Support Files/Pods-cimage/Pods-cimage.debug.xcconfig"; sourceTree = "<group>"; };
/* End PBXFileReference section */

/* Begin PBXFrameworksBuildPhase section */
		88BDB64022F40B5400DC5A2D /* Frameworks */ = {
			isa = PBXFrameworksBuildPhase;
			buildActionMask = 2147483647;
			files = (
				B4DAA708E1960921ABDABDDB /* Pods_cimage.framework in Frameworks */,
			);
			runOnlyForDeploymentPostprocessing = 0;
		};
/* End PBXFrameworksBuildPhase section */

/* Begin PBXGroup section */
		723DF818708E7B6C94E8F358 /* Pods */ = {
			isa = PBXGroup;
			children = (
				D3DCFED611C1EAEC7C21BC84 /* Pods-cimage.debug.xcconfig */,
				6B2AEDE3E0CED6E057BCE260 /* Pods-cimage.release.xcconfig */,
			);
			name = Pods;
			sourceTree = "<group>";
		};
		88BDB63A22F40B5400DC5A2D = {
			isa = PBXGroup;
			children = (
				88BDB64522F40B5400DC5A2D /* cimage */,
				88BDB64422F40B5400DC5A2D /* Products */,
				723DF818708E7B6C94E8F358 /* Pods */,
				A4D853B2DBE8C147F7B953A6 /* Frameworks */,
			);
			sourceTree = "<group>";
		};
		88BDB64422F40B5400DC5A2D /* Products */ = {
			isa = PBXGroup;
			children = (
				88BDB64322F40B5400DC5A2D /* cimage.app */,
			);
			name = Products;
			sourceTree = "<group>";
		};
		88BDB64522F40B5400DC5A2D /* cimage */ = {
			isa = PBXGroup;
			children = (
				88BDB66022F42B6D00DC5A2D /* Magnify */,
				88BDB65D22F4177900DC5A2D /* Utils */,
				88BDB65A22F40B9500DC5A2D /* Controller */,
				88BDB65922F40B9000DC5A2D /* View */,
				88BDB65822F40B8900DC5A2D /* Model */,
				88BDB64622F40B5400DC5A2D /* AppDelegate.swift */,
				88BDB64822F40B5400DC5A2D /* ViewController.swift */,
				88BDB64A22F40B5500DC5A2D /* Main.storyboard */,
				88BDB64D22F40B5F00DC5A2D /* Assets.xcassets */,
				88BDB64F22F40B5F00DC5A2D /* LaunchScreen.storyboard */,
				88BDB65222F40B5F00DC5A2D /* Info.plist */,
			);
			path = cimage;
			sourceTree = "<group>";
		};
		88BDB65822F40B8900DC5A2D /* Model */ = {
			isa = PBXGroup;
			children = (
			);
			path = Model;
			sourceTree = "<group>";
		};
		88BDB65922F40B9000DC5A2D /* View */ = {
			isa = PBXGroup;
			children = (
			);
			path = View;
			sourceTree = "<group>";
		};
		88BDB65A22F40B9500DC5A2D /* Controller */ = {
			isa = PBXGroup;
			children = (
				88BDB65B22F40BB000DC5A2D /* HomeVC.swift */,
				88ACC17222F95CE300920A66 /* EditVC.swift */,
			);
			path = Controller;
			sourceTree = "<group>";
		};
		88BDB65D22F4177900DC5A2D /* Utils */ = {
			isa = PBXGroup;
			children = (
				88BDB65E22F4178A00DC5A2D /* Extensions.swift */,
			);
			path = Utils;
			sourceTree = "<group>";
		};
		88BDB66022F42B6D00DC5A2D /* Magnify */ = {
			isa = PBXGroup;
			children = (
				88BDB66122F42BB800DC5A2D /* MagnifyVC.swift */,
			);
			path = Magnify;
			sourceTree = "<group>";
		};
		A4D853B2DBE8C147F7B953A6 /* Frameworks */ = {
			isa = PBXGroup;
			children = (
				694A3B7A30635F147B52B38A /* Pods_cimage.framework */,
			);
			name = Frameworks;
			sourceTree = "<group>";
		};
/* End PBXGroup section */

/* Begin PBXNativeTarget section */
		88BDB64222F40B5400DC5A2D /* cimage */ = {
			isa = PBXNativeTarget;
			buildConfigurationList = 88BDB65522F40B5F00DC5A2D /* Build configuration list for PBXNativeTarget "cimage" */;
			buildPhases = (
				4FFB13B01F79F30EEFD98234 /* [CP] Check Pods Manifest.lock */,
				88BDB63F22F40B5400DC5A2D /* Sources */,
				88BDB64022F40B5400DC5A2D /* Frameworks */,
				88BDB64122F40B5400DC5A2D /* Resources */,
				F2A857CA045CB27BD35B7F11 /* [CP] Embed Pods Frameworks */,
			);
			buildRules = (
			);
			dependencies = (
			);
			name = cimage;
			productName = cimage;
			productReference = 88BDB64322F40B5400DC5A2D /* cimage.app */;
			productType = "com.apple.product-type.application";
		};
/* End PBXNativeTarget section */

/* Begin PBXProject section */
		88BDB63B22F40B5400DC5A2D /* Project object */ = {
			isa = PBXProject;
			attributes = {
				LastSwiftUpdateCheck = 1030;
				LastUpgradeCheck = 1030;
				ORGANIZATIONNAME = JeguLabs;
				TargetAttributes = {
					88BDB64222F40B5400DC5A2D = {
						CreatedOnToolsVersion = 10.3;
					};
				};
			};
			buildConfigurationList = 88BDB63E22F40B5400DC5A2D /* Build configuration list for PBXProject "cimage" */;
			compatibilityVersion = "Xcode 9.3";
			developmentRegion = en;
			hasScannedForEncodings = 0;
			knownRegions = (
				en,
				Base,
			);
			mainGroup = 88BDB63A22F40B5400DC5A2D;
			productRefGroup = 88BDB64422F40B5400DC5A2D /* Products */;
			projectDirPath = "";
			projectRoot = "";
			targets = (
				88BDB64222F40B5400DC5A2D /* cimage */,
			);
		};
/* End PBXProject section */

/* Begin PBXResourcesBuildPhase section */
		88BDB64122F40B5400DC5A2D /* Resources */ = {
			isa = PBXResourcesBuildPhase;
			buildActionMask = 2147483647;
			files = (
				88BDB65122F40B5F00DC5A2D /* LaunchScreen.storyboard in Resources */,
				88BDB64E22F40B5F00DC5A2D /* Assets.xcassets in Resources */,
				88BDB64C22F40B5500DC5A2D /* Main.storyboard in Resources */,
			);
			runOnlyForDeploymentPostprocessing = 0;
		};
/* End PBXResourcesBuildPhase section */

/* Begin PBXShellScriptBuildPhase section */
		4FFB13B01F79F30EEFD98234 /* [CP] Check Pods Manifest.lock */ = {
			isa = PBXShellScriptBuildPhase;
			buildActionMask = 2147483647;
			files = (
			);
			inputFileListPaths = (
			);
			inputPaths = (
				"${PODS_PODFILE_DIR_PATH}/Podfile.lock",
				"${PODS_ROOT}/Manifest.lock",
			);
			name = "[CP] Check Pods Manifest.lock";
			outputFileListPaths = (
			);
			outputPaths = (
				"$(DERIVED_FILE_DIR)/Pods-cimage-checkManifestLockResult.txt",
			);
			runOnlyForDeploymentPostprocessing = 0;
			shellPath = /bin/sh;
			shellScript = "diff \"${PODS_PODFILE_DIR_PATH}/Podfile.lock\" \"${PODS_ROOT}/Manifest.lock\" > /dev/null\nif [ $? != 0 ] ; then\n    # print error to STDERR\n    echo \"error: The sandbox is not in sync with the Podfile.lock. Run 'pod install' or update your CocoaPods installation.\" >&2\n    exit 1\nfi\n# This output is used by Xcode 'outputs' to avoid re-running this script phase.\necho \"SUCCESS\" > \"${SCRIPT_OUTPUT_FILE_0}\"\n";
			showEnvVarsInLog = 0;
		};
		F2A857CA045CB27BD35B7F11 /* [CP] Embed Pods Frameworks */ = {
			isa = PBXShellScriptBuildPhase;
			buildActionMask = 2147483647;
			files = (
			);
			inputFileListPaths = (
			);
			inputPaths = (
				"${SRCROOT}/Pods/Target Support Files/Pods-cimage/Pods-cimage-frameworks.sh",
				"${BUILT_PRODUCTS_DIR}/ZImageCropper/ZImageCropper.framework",
			);
			name = "[CP] Embed Pods Frameworks";
			outputFileListPaths = (
			);
			outputPaths = (
				"${TARGET_BUILD_DIR}/${FRAMEWORKS_FOLDER_PATH}/ZImageCropper.framework",
			);
			runOnlyForDeploymentPostprocessing = 0;
			shellPath = /bin/sh;
			shellScript = "\"${SRCROOT}/Pods/Target Support Files/Pods-cimage/Pods-cimage-frameworks.sh\"\n";
			showEnvVarsInLog = 0;
		};
/* End PBXShellScriptBuildPhase section */

/* Begin PBXSourcesBuildPhase section */
		88BDB63F22F40B5400DC5A2D /* Sources */ = {
			isa = PBXSourcesBuildPhase;
			buildActionMask = 2147483647;
			files = (
				88BDB65C22F40BB000DC5A2D /* HomeVC.swift in Sources */,
				88BDB66222F42BB800DC5A2D /* MagnifyVC.swift in Sources */,
				88BDB64922F40B5400DC5A2D /* ViewController.swift in Sources */,
				88BDB64722F40B5400DC5A2D /* AppDelegate.swift in Sources */,
				88ACC17322F95CE300920A66 /* EditVC.swift in Sources */,
				88BDB65F22F4178A00DC5A2D /* Extensions.swift in Sources */,
			);
			runOnlyForDeploymentPostprocessing = 0;
		};
/* End PBXSourcesBuildPhase section */

/* Begin PBXVariantGroup section */
		88BDB64A22F40B5500DC5A2D /* Main.storyboard */ = {
			isa = PBXVariantGroup;
			children = (
				88BDB64B22F40B5500DC5A2D /* Base */,
			);
			name = Main.storyboard;
			sourceTree = "<group>";
		};
		88BDB64F22F40B5F00DC5A2D /* LaunchScreen.storyboard */ = {
			isa = PBXVariantGroup;
			children = (
				88BDB65022F40B5F00DC5A2D /* Base */,
			);
			name = LaunchScreen.storyboard;
			sourceTree = "<group>";
		};
/* End PBXVariantGroup section */

/* Begin XCBuildConfiguration section */
		88BDB65322F40B5F00DC5A2D /* Debug */ = {
			isa = XCBuildConfiguration;
			buildSettings = {
				ALWAYS_SEARCH_USER_PATHS = NO;
				CLANG_ANALYZER_NONNULL = YES;
				CLANG_ANALYZER_NUMBER_OBJECT_CONVERSION = YES_AGGRESSIVE;
				CLANG_CXX_LANGUAGE_STANDARD = "gnu++14";
				CLANG_CXX_LIBRARY = "libc++";
				CLANG_ENABLE_MODULES = YES;
				CLANG_ENABLE_OBJC_ARC = YES;
				CLANG_ENABLE_OBJC_WEAK = YES;
				CLANG_WARN_BLOCK_CAPTURE_AUTORELEASING = YES;
				CLANG_WARN_BOOL_CONVERSION = YES;
				CLANG_WARN_COMMA = YES;
				CLANG_WARN_CONSTANT_CONVERSION = YES;
				CLANG_WARN_DEPRECATED_OBJC_IMPLEMENTATIONS = YES;
				CLANG_WARN_DIRECT_OBJC_ISA_USAGE = YES_ERROR;
				CLANG_WARN_DOCUMENTATION_COMMENTS = YES;
				CLANG_WARN_EMPTY_BODY = YES;
				CLANG_WARN_ENUM_CONVERSION = YES;
				CLANG_WARN_INFINITE_RECURSION = YES;
				CLANG_WARN_INT_CONVERSION = YES;
				CLANG_WARN_NON_LITERAL_NULL_CONVERSION = YES;
				CLANG_WARN_OBJC_IMPLICIT_RETAIN_SELF = YES;
				CLANG_WARN_OBJC_LITERAL_CONVERSION = YES;
				CLANG_WARN_OBJC_ROOT_CLASS = YES_ERROR;
				CLANG_WARN_RANGE_LOOP_ANALYSIS = YES;
				CLANG_WARN_STRICT_PROTOTYPES = YES;
				CLANG_WARN_SUSPICIOUS_MOVE = YES;
				CLANG_WARN_UNGUARDED_AVAILABILITY = YES_AGGRESSIVE;
				CLANG_WARN_UNREACHABLE_CODE = YES;
				CLANG_WARN__DUPLICATE_METHOD_MATCH = YES;
				CODE_SIGN_IDENTITY = "iPhone Developer";
				COPY_PHASE_STRIP = NO;
				DEBUG_INFORMATION_FORMAT = dwarf;
				ENABLE_STRICT_OBJC_MSGSEND = YES;
				ENABLE_TESTABILITY = YES;
				GCC_C_LANGUAGE_STANDARD = gnu11;
				GCC_DYNAMIC_NO_PIC = NO;
				GCC_NO_COMMON_BLOCKS = YES;
				GCC_OPTIMIZATION_LEVEL = 0;
				GCC_PREPROCESSOR_DEFINITIONS = (
					"DEBUG=1",
					"$(inherited)",
				);
				GCC_WARN_64_TO_32_BIT_CONVERSION = YES;
				GCC_WARN_ABOUT_RETURN_TYPE = YES_ERROR;
				GCC_WARN_UNDECLARED_SELECTOR = YES;
				GCC_WARN_UNINITIALIZED_AUTOS = YES_AGGRESSIVE;
				GCC_WARN_UNUSED_FUNCTION = YES;
				GCC_WARN_UNUSED_VARIABLE = YES;
				IPHONEOS_DEPLOYMENT_TARGET = 12.4;
				MTL_ENABLE_DEBUG_INFO = INCLUDE_SOURCE;
				MTL_FAST_MATH = YES;
				ONLY_ACTIVE_ARCH = YES;
				SDKROOT = iphoneos;
				SWIFT_ACTIVE_COMPILATION_CONDITIONS = DEBUG;
				SWIFT_OPTIMIZATION_LEVEL = "-Onone";
			};
			name = Debug;
		};
		88BDB65422F40B5F00DC5A2D /* Release */ = {
			isa = XCBuildConfiguration;
			buildSettings = {
				ALWAYS_SEARCH_USER_PATHS = NO;
				CLANG_ANALYZER_NONNULL = YES;
				CLANG_ANALYZER_NUMBER_OBJECT_CONVERSION = YES_AGGRESSIVE;
				CLANG_CXX_LANGUAGE_STANDARD = "gnu++14";
				CLANG_CXX_LIBRARY = "libc++";
				CLANG_ENABLE_MODULES = YES;
				CLANG_ENABLE_OBJC_ARC = YES;
				CLANG_ENABLE_OBJC_WEAK = YES;
				CLANG_WARN_BLOCK_CAPTURE_AUTORELEASING = YES;
				CLANG_WARN_BOOL_CONVERSION = YES;
				CLANG_WARN_COMMA = YES;
				CLANG_WARN_CONSTANT_CONVERSION = YES;
				CLANG_WARN_DEPRECATED_OBJC_IMPLEMENTATIONS = YES;
				CLANG_WARN_DIRECT_OBJC_ISA_USAGE = YES_ERROR;
				CLANG_WARN_DOCUMENTATION_COMMENTS = YES;
				CLANG_WARN_EMPTY_BODY = YES;
				CLANG_WARN_ENUM_CONVERSION = YES;
				CLANG_WARN_INFINITE_RECURSION = YES;
				CLANG_WARN_INT_CONVERSION = YES;
				CLANG_WARN_NON_LITERAL_NULL_CONVERSION = YES;
				CLANG_WARN_OBJC_IMPLICIT_RETAIN_SELF = YES;
				CLANG_WARN_OBJC_LITERAL_CONVERSION = YES;
				CLANG_WARN_OBJC_ROOT_CLASS = YES_ERROR;
				CLANG_WARN_RANGE_LOOP_ANALYSIS = YES;
				CLANG_WARN_STRICT_PROTOTYPES = YES;
				CLANG_WARN_SUSPICIOUS_MOVE = YES;
				CLANG_WARN_UNGUARDED_AVAILABILITY = YES_AGGRESSIVE;
				CLANG_WARN_UNREACHABLE_CODE = YES;
				CLANG_WARN__DUPLICATE_METHOD_MATCH = YES;
				CODE_SIGN_IDENTITY = "iPhone Developer";
				COPY_PHASE_STRIP = NO;
				DEBUG_INFORMATION_FORMAT = "dwarf-with-dsym";
				ENABLE_NS_ASSERTIONS = NO;
				ENABLE_STRICT_OBJC_MSGSEND = YES;
				GCC_C_LANGUAGE_STANDARD = gnu11;
				GCC_NO_COMMON_BLOCKS = YES;
				GCC_WARN_64_TO_32_BIT_CONVERSION = YES;
				GCC_WARN_ABOUT_RETURN_TYPE = YES_ERROR;
				GCC_WARN_UNDECLARED_SELECTOR = YES;
				GCC_WARN_UNINITIALIZED_AUTOS = YES_AGGRESSIVE;
				GCC_WARN_UNUSED_FUNCTION = YES;
				GCC_WARN_UNUSED_VARIABLE = YES;
				IPHONEOS_DEPLOYMENT_TARGET = 12.4;
				MTL_ENABLE_DEBUG_INFO = NO;
				MTL_FAST_MATH = YES;
				SDKROOT = iphoneos;
				SWIFT_COMPILATION_MODE = wholemodule;
				SWIFT_OPTIMIZATION_LEVEL = "-O";
				VALIDATE_PRODUCT = YES;
			};
			name = Release;
		};
		88BDB65622F40B5F00DC5A2D /* Debug */ = {
			isa = XCBuildConfiguration;
			baseConfigurationReference = D3DCFED611C1EAEC7C21BC84 /* Pods-cimage.debug.xcconfig */;
			buildSettings = {
				ASSETCATALOG_COMPILER_APPICON_NAME = AppIcon;
				CODE_SIGN_STYLE = Automatic;
				DEVELOPMENT_TEAM = C5BC5594CU;
				INFOPLIST_FILE = cimage/Info.plist;
				IPHONEOS_DEPLOYMENT_TARGET = 11.0;
				LD_RUNPATH_SEARCH_PATHS = (
					"$(inherited)",
					"@executable_path/Frameworks",
				);
				PRODUCT_BUNDLE_IDENTIFIER = com.JeguLabs.cimage;
				PRODUCT_NAME = "$(TARGET_NAME)";
				SWIFT_VERSION = 5.0;
				TARGETED_DEVICE_FAMILY = 1;
			};
			name = Debug;
		};
		88BDB65722F40B5F00DC5A2D /* Release */ = {
			isa = XCBuildConfiguration;
			baseConfigurationReference = 6B2AEDE3E0CED6E057BCE260 /* Pods-cimage.release.xcconfig */;
			buildSettings = {
				ASSETCATALOG_COMPILER_APPICON_NAME = AppIcon;
				CODE_SIGN_STYLE = Automatic;
				DEVELOPMENT_TEAM = C5BC5594CU;
				INFOPLIST_FILE = cimage/Info.plist;
				IPHONEOS_DEPLOYMENT_TARGET = 11.0;
				LD_RUNPATH_SEARCH_PATHS = (
					"$(inherited)",
					"@executable_path/Frameworks",
				);
				PRODUCT_BUNDLE_IDENTIFIER = com.JeguLabs.cimage;
				PRODUCT_NAME = "$(TARGET_NAME)";
				SWIFT_VERSION = 5.0;
				TARGETED_DEVICE_FAMILY = 1;
			};
			name = Release;
		};
/* End XCBuildConfiguration section */

/* Begin XCConfigurationList section */
		88BDB63E22F40B5400DC5A2D /* Build configuration list for PBXProject "cimage" */ = {
			isa = XCConfigurationList;
			buildConfigurations = (
				88BDB65322F40B5F00DC5A2D /* Debug */,
				88BDB65422F40B5F00DC5A2D /* Release */,
			);
			defaultConfigurationIsVisible = 0;
			defaultConfigurationName = Release;
		};
		88BDB65522F40B5F00DC5A2D /* Build configuration list for PBXNativeTarget "cimage" */ = {
			isa = XCConfigurationList;
			buildConfigurations = (
				88BDB65622F40B5F00DC5A2D /* Debug */,
				88BDB65722F40B5F00DC5A2D /* Release */,
			);
			defaultConfigurationIsVisible = 0;
			defaultConfigurationName = Release;
		};
/* End XCConfigurationList section */
	};
	rootObject = 88BDB63B22F40B5400DC5A2D /* Project object */;
}
